# This file was autogenerated by Stack.
# You should not edit this file by hand.
# For more information, please see the documentation at:
#   https://docs.haskellstack.org/en/stable/lock_files

packages:
- completed:
    hackage: hermit-1.0.0.0@sha256:e7b2efc267d6f37e9f5665f594e03b8b3f12a509ef978c1d42cdedc87f1dd183,8301
    pantry-tree:
      size: 7999
      sha256: 2a87ba814aca30cc5b7a66e235d7b4de5c0a798b4ec8a1d8f5b44b1fd4327464
  original:
    hackage: hermit-1.0.0.0
- completed:
    hackage: colour-2.3.3@sha256:53d64501c7ad343e70c4a8ac170269ccb0cc510bf8bc78d3754391b9747e1764,1491
    pantry-tree:
      size: 1183
      sha256: 76533f1b0c75e3b87769a3eff68cc79e7a2e6c744ff5574e3ac69c479823e1aa
  original:
    hackage: colour-2.3.3
- completed:
    hackage: generic-deriving-1.10.1@sha256:6283b66dde86c47143d70f650e1192ea8b56f17858258e1afba02197ab90f37c,2958
    pantry-tree:
      size: 1715
      sha256: 5a0d181d16910a3cd19e864b64530a546f95fc33d7c39813852b3e36796f1f11
  original:
    hackage: generic-deriving-1.10.1
- completed:
    hackage: transformers-compat-0.5.0.4@sha256:7472793254fb22722dfbc4896ef2017929a5464a239df955ff3e208022eca33f,2890
    pantry-tree:
      size: 1138
      sha256: 2ac7a28158cce1582ae75c7b7f80ba7d8f56b8201a6aa7bd14e2507a9f075b3e
  original:
    hackage: transformers-compat-0.5.0.4
- completed:
    hackage: alex-3.2.5@sha256:af0c4aac67849d8b35e8c16063517642a5c6b809d09fdb040ed9369f91cb26fb,4054
    pantry-tree:
      size: 5732
      sha256: fdfac077ffd006b5bb8102edb3187f2d2587d9cde1d94cd9852b5ee077d05add
  original:
    hackage: alex-3.2.5@sha256:af0c4aac67849d8b35e8c16063517642a5c6b809d09fdb040ed9369f91cb26fb,4054
- completed:
    hackage: ansi-terminal-0.10.3@sha256:e2fbcef5f980dc234c7ad8e2fa433b0e8109132c9e643bc40ea5608cd5697797,3226
    pantry-tree:
      size: 1461
      sha256: 02f05d52be3ffcf36c78876629cbab80b63420672685371aea4fd10e1c4aabb6
  original:
    hackage: ansi-terminal-0.10.3@sha256:e2fbcef5f980dc234c7ad8e2fa433b0e8109132c9e643bc40ea5608cd5697797,3226
- completed:
    hackage: base-compat-0.11.1@sha256:e49c1ce84f556621ef1142a169e4349049c516f5b3e3c3ec6830be503e7d4a93,7140
    pantry-tree:
      size: 8633
      sha256: af9b1346b6df24c290287098b15418d8145b8cfe2a4c5b3c6d26bd61a6a86b0f
  original:
    hackage: base-compat-0.11.1@sha256:e49c1ce84f556621ef1142a169e4349049c516f5b3e3c3ec6830be503e7d4a93,7140
- completed:
    hackage: data-default-class-0.1.2.0@sha256:63e62120b7efd733a5a17cf59ceb43268e9a929c748127172d7d42f4a336e327,542
    pantry-tree:
      size: 224
      sha256: 5017630b11698aefa65fc61cab84a257ce97833c968d425e1b2d53d6c3b5c096
  original:
    hackage: data-default-class-0.1.2.0@sha256:63e62120b7efd733a5a17cf59ceb43268e9a929c748127172d7d42f4a336e327,542
- completed:
    hackage: happy-1.19.12@sha256:acc67bfbf3af87892766781dd064c9447181ea81269a7a1e5fc9ace4a8fa4768,5691
    pantry-tree:
      size: 8693
      sha256: 91502601a560862a5b90d776c0bd58bc2779ba5b7945c984817eaa3b9ca64564
  original:
    hackage: happy-1.19.12@sha256:acc67bfbf3af87892766781dd064c9447181ea81269a7a1e5fc9ace4a8fa4768,5691
- completed:
    hackage: kure-2.16.12@sha256:c36bbf59fbc77e91cde91f00acbc558e70efa4283ad60b44e6827eba2923a01f,2880
    pantry-tree:
      size: 2077
      sha256: e0653a4eb70d342fdbd4cfe8ad07ec8a595d054b3ee8bfb207de207887e6d321
  original:
    hackage: kure-2.16.12@sha256:c36bbf59fbc77e91cde91f00acbc558e70efa4283ad60b44e6827eba2923a01f,2880
- completed:
    hackage: marked-pretty-1.1.2.1@sha256:45d113c16d3cde1d3b3ca18daef4732e089ae4c2339a84a1d104698d9eb59942,1301
    pantry-tree:
      size: 474
      sha256: 0ce11dd853b198fa54fd18c2450e1bfdc2a7c858bab397ffa4c79e246f95055a
  original:
    hackage: marked-pretty-1.1.2.1@sha256:45d113c16d3cde1d3b3ca18daef4732e089ae4c2339a84a1d104698d9eb59942,1301
- completed:
    hackage: mtl-2.2.2@sha256:1050fb71acd9f5d67da7d992583f5bd0eb14407b9dc7acc122af1b738b706ca3,2261
    pantry-tree:
      size: 1713
      sha256: b8bdc2259e2f943a7252fb164805666fe108ac959d398e0af27b43ba2ebc241c
  original:
    hackage: mtl-2.2.2@sha256:1050fb71acd9f5d67da7d992583f5bd0eb14407b9dc7acc122af1b738b706ca3,2261
- completed:
    hackage: stm-2.5.0.0@sha256:c238075f9f0711cd6a78eab6001b3e218cdaa745d6377bf83cc21e58ceec2ea1,2100
    pantry-tree:
      size: 898
      sha256: 8ef9688d399f931a040d5d316ef8d40efacc14fcb099eba637adb7d00e75ecde
  original:
    hackage: stm-2.5.0.0@sha256:c238075f9f0711cd6a78eab6001b3e218cdaa745d6377bf83cc21e58ceec2ea1,2100
- completed:
    hackage: temporary-1.3@sha256:3a66c136f700dbf42f3c5000ca93e80b26dead51e54322c83272b236c1ec8ef1,1485
    pantry-tree:
      size: 318
      sha256: 5bfb8569e9c83e1b17604fc4375b5efd280f28146a7c42524f13a986f5a3bbc5
  original:
    hackage: temporary-1.3@sha256:3a66c136f700dbf42f3c5000ca93e80b26dead51e54322c83272b236c1ec8ef1,1485
- completed:
    hackage: dlist-0.8.0.8@sha256:90ca348bffdc62d7070bcf0e97c728f8d01b24fbc7ea08d2909157d0da76534c,2066
    pantry-tree:
      size: 426
      sha256: 1b5b9142a932f15c77f758f92f90bea6c805c42d4c62f7a697e8e4f6cf1ad6e6
  original:
    hackage: dlist-0.8.0.8@sha256:90ca348bffdc62d7070bcf0e97c728f8d01b24fbc7ea08d2909157d0da76534c,2066
- completed:
    hackage: exceptions-0.10.4@sha256:1729ef26a611ae78aa58cdd34192aff710cbaa6d631dd042ddfb63556d00b52c,2796
    pantry-tree:
      size: 908
      sha256: 6689458f5d183f8efda66f918f7bd4b7ac28548defbef53c7e174c2cdf6b9f18
  original:
    hackage: exceptions-0.10.4@sha256:1729ef26a611ae78aa58cdd34192aff710cbaa6d631dd042ddfb63556d00b52c,2796
- completed:
    hackage: fail-4.9.0.0@sha256:35d1ee29364447c1b7d616bb1ee31f162b73e85fea91d7ca6441cf901398f572,1051
    pantry-tree:
      size: 210
      sha256: e4daa79eb6a4442ec85c86dfeb0eb4bf8624f8dcc5291a2216165120ecb77c13
  original:
    hackage: fail-4.9.0.0@sha256:35d1ee29364447c1b7d616bb1ee31f162b73e85fea91d7ca6441cf901398f572,1051
- completed:
    hackage: random-1.1@sha256:7b67624fd76ddf97c206de0801dc7e888097e9d572974be9b9ea6551d76965df,1777
    pantry-tree:
      size: 637
      sha256: 14a1b01728c5584e87c9fa00746a66e28ffd89dd2c0eabd334c8463953496e1b
  original:
    hackage: random-1.1@sha256:7b67624fd76ddf97c206de0801dc7e888097e9d572974be9b9ea6551d76965df,1777
- completed:
    hackage: th-abstraction-0.3.2.0@sha256:9b5b4e6e2bbff9b075ad7751ee98e2107090bd17b51d5442695b8990e4db6521,1851
    pantry-tree:
      size: 583
      sha256: 21e260e558db166dc70f3002e7a0d22dd57d0b9e7842dd9de5e2f9f887e1275e
  original:
    hackage: th-abstraction-0.3.2.0@sha256:9b5b4e6e2bbff9b075ad7751ee98e2107090bd17b51d5442695b8990e4db6521,1851
snapshots: []
